// !$*UTF8*$!
{
	archiveVersion = 1;
	classes = {
	};
	objectVersion = 56;
	objects = {

/* Begin PBXBuildFile section */
		368966B02C930FC60077BA5A /* AppDelegate.swift in Sources */ = {isa = PBXBuildFile; fileRef = 368966AF2C930FC60077BA5A /* AppDelegate.swift */; };
		368966B22C930FC60077BA5A /* SceneDelegate.swift in Sources */ = {isa = PBXBuildFile; fileRef = 368966B12C930FC60077BA5A /* SceneDelegate.swift */; };
		368966B92C930FC70077BA5A /* Assets.xcassets in Resources */ = {isa = PBXBuildFile; fileRef = 368966B82C930FC70077BA5A /* Assets.xcassets */; };
		368966BC2C930FC70077BA5A /* Base in Resources */ = {isa = PBXBuildFile; fileRef = 368966BB2C930FC70077BA5A /* Base */; };
		368966CB2C9310900077BA5A /* HomeVC.swift in Sources */ = {isa = PBXBuildFile; fileRef = 368966CA2C9310900077BA5A /* HomeVC.swift */; };
		368966D32C93141E0077BA5A /* SearchVC.swift in Sources */ = {isa = PBXBuildFile; fileRef = 368966D22C93141E0077BA5A /* SearchVC.swift */; };
		368966D52C9314390077BA5A /* ComingSoonVC.swift in Sources */ = {isa = PBXBuildFile; fileRef = 368966D42C9314390077BA5A /* ComingSoonVC.swift */; };
		368966D72C9314A60077BA5A /* FavoritesVC.swift in Sources */ = {isa = PBXBuildFile; fileRef = 368966D62C9314A60077BA5A /* FavoritesVC.swift */; };
		368966DA2C9315250077BA5A /* TabBarController.swift in Sources */ = {isa = PBXBuildFile; fileRef = 368966D92C9315250077BA5A /* TabBarController.swift */; };
/* End PBXBuildFile section */

/* Begin PBXFileReference section */
		368966AC2C930FC60077BA5A /* MyMovies.app */ = {isa = PBXFileReference; explicitFileType = wrapper.application; includeInIndex = 0; path = MyMovies.app; sourceTree = BUILT_PRODUCTS_DIR; };
		368966AF2C930FC60077BA5A /* AppDelegate.swift */ = {isa = PBXFileReference; lastKnownFileType = sourcecode.swift; path = AppDelegate.swift; sourceTree = "<group>"; };
		368966B12C930FC60077BA5A /* SceneDelegate.swift */ = {isa = PBXFileReference; lastKnownFileType = sourcecode.swift; path = SceneDelegate.swift; sourceTree = "<group>"; };
		368966B82C930FC70077BA5A /* Assets.xcassets */ = {isa = PBXFileReference; lastKnownFileType = folder.assetcatalog; path = Assets.xcassets; sourceTree = "<group>"; };
		368966BB2C930FC70077BA5A /* Base */ = {isa = PBXFileReference; lastKnownFileType = file.storyboard; name = Base; path = Base.lproj/LaunchScreen.storyboard; sourceTree = "<group>"; };
		368966BD2C930FC70077BA5A /* Info.plist */ = {isa = PBXFileReference; lastKnownFileType = text.plist.xml; path = Info.plist; sourceTree = "<group>"; };
		368966CA2C9310900077BA5A /* HomeVC.swift */ = {isa = PBXFileReference; lastKnownFileType = sourcecode.swift; path = HomeVC.swift; sourceTree = "<group>"; };
		368966D22C93141E0077BA5A /* SearchVC.swift */ = {isa = PBXFileReference; lastKnownFileType = sourcecode.swift; path = SearchVC.swift; sourceTree = "<group>"; };
		368966D42C9314390077BA5A /* ComingSoonVC.swift */ = {isa = PBXFileReference; lastKnownFileType = sourcecode.swift; path = ComingSoonVC.swift; sourceTree = "<group>"; };
		368966D62C9314A60077BA5A /* FavoritesVC.swift */ = {isa = PBXFileReference; lastKnownFileType = sourcecode.swift; path = FavoritesVC.swift; sourceTree = "<group>"; };
		368966D92C9315250077BA5A /* TabBarController.swift */ = {isa = PBXFileReference; lastKnownFileType = sourcecode.swift; path = TabBarController.swift; sourceTree = "<group>"; };
/* End PBXFileReference section */

/* Begin PBXFrameworksBuildPhase section */
		368966A92C930FC60077BA5A /* Frameworks */ = {
			isa = PBXFrameworksBuildPhase;
			buildActionMask = 2147483647;
			files = (
			);
			runOnlyForDeploymentPostprocessing = 0;
		};
/* End PBXFrameworksBuildPhase section */

/* Begin PBXGroup section */
		368966A32C930FC60077BA5A = {
			isa = PBXGroup;
			children = (
				368966AE2C930FC60077BA5A /* MyMovies */,
				368966AD2C930FC60077BA5A /* Products */,
			);
			sourceTree = "<group>";
		};
		368966AD2C930FC60077BA5A /* Products */ = {
			isa = PBXGroup;
			children = (
				368966AC2C930FC60077BA5A /* MyMovies.app */,
			);
			name = Products;
			sourceTree = "<group>";
		};
		368966AE2C930FC60077BA5A /* MyMovies */ = {
			isa = PBXGroup;
			children = (
				368966C62C9310310077BA5A /* App */,
				368966C52C93102F0077BA5A /* Base */,
				368966C42C9310230077BA5A /* Screens */,
				368966C32C930FE00077BA5A /* Supports */,
			);
			path = MyMovies;
			sourceTree = "<group>";
		};
		368966C32C930FE00077BA5A /* Supports */ = {
			isa = PBXGroup;
			children = (
				368966B82C930FC70077BA5A /* Assets.xcassets */,
				368966BD2C930FC70077BA5A /* Info.plist */,
			);
			path = Supports;
			sourceTree = "<group>";
		};
		368966C42C9310230077BA5A /* Screens */ = {
			isa = PBXGroup;
			children = (
				368966D82C9315090077BA5A /* TabBar */,
				368966C82C93105D0077BA5A /* Home */,
				368966CE2C9313F30077BA5A /* Search */,
				368966CD2C9313EB0077BA5A /* ComingSoon */,
				368966CC2C9313B60077BA5A /* Favorites */,
			);
			path = Screens;
			sourceTree = "<group>";
		};
		368966C52C93102F0077BA5A /* Base */ = {
			isa = PBXGroup;
			children = (
				368966BA2C930FC70077BA5A /* LaunchScreen.storyboard */,
			);
			path = Base;
			sourceTree = "<group>";
		};
		368966C62C9310310077BA5A /* App */ = {
			isa = PBXGroup;
			children = (
				368966AF2C930FC60077BA5A /* AppDelegate.swift */,
				368966B12C930FC60077BA5A /* SceneDelegate.swift */,
			);
			path = App;
			sourceTree = "<group>";
		};
		368966C82C93105D0077BA5A /* Home */ = {
			isa = PBXGroup;
			children = (
				368966C92C9310780077BA5A /* Views */,
			);
			path = Home;
			sourceTree = "<group>";
		};
		368966C92C9310780077BA5A /* Views */ = {
			isa = PBXGroup;
			children = (
				368966CA2C9310900077BA5A /* HomeVC.swift */,
			);
			path = Views;
			sourceTree = "<group>";
		};
		368966CC2C9313B60077BA5A /* Favorites */ = {
			isa = PBXGroup;
			children = (
				368966D12C93140F0077BA5A /* Views */,
			);
			path = Favorites;
			sourceTree = "<group>";
		};
		368966CD2C9313EB0077BA5A /* ComingSoon */ = {
			isa = PBXGroup;
			children = (
				368966D02C93140B0077BA5A /* Views */,
			);
			path = ComingSoon;
			sourceTree = "<group>";
		};
		368966CE2C9313F30077BA5A /* Search */ = {
			isa = PBXGroup;
			children = (
				368966CF2C9314070077BA5A /* Views */,
			);
			path = Search;
			sourceTree = "<group>";
		};
		368966CF2C9314070077BA5A /* Views */ = {
			isa = PBXGroup;
			children = (
				368966D22C93141E0077BA5A /* SearchVC.swift */,
			);
			path = Views;
			sourceTree = "<group>";
		};
		368966D02C93140B0077BA5A /* Views */ = {
			isa = PBXGroup;
			children = (
				368966D42C9314390077BA5A /* ComingSoonVC.swift */,
			);
			path = Views;
			sourceTree = "<group>";
		};
		368966D12C93140F0077BA5A /* Views */ = {
			isa = PBXGroup;
			children = (
				368966D62C9314A60077BA5A /* FavoritesVC.swift */,
			);
			path = Views;
			sourceTree = "<group>";
		};
		368966D82C9315090077BA5A /* TabBar */ = {
			isa = PBXGroup;
			children = (
				368966D92C9315250077BA5A /* TabBarController.swift */,
			);
			path = TabBar;
			sourceTree = "<group>";
		};
/* End PBXGroup section */

/* Begin PBXNativeTarget section */
		368966AB2C930FC60077BA5A /* MyMovies */ = {
			isa = PBXNativeTarget;
			buildConfigurationList = 368966C02C930FC70077BA5A /* Build configuration list for PBXNativeTarget "MyMovies" */;
			buildPhases = (
				368966A82C930FC60077BA5A /* Sources */,
				368966A92C930FC60077BA5A /* Frameworks */,
				368966AA2C930FC60077BA5A /* Resources */,
			);
			buildRules = (
			);
			dependencies = (
			);
			name = MyMovies;
			productName = MyMovies;
			productReference = 368966AC2C930FC60077BA5A /* MyMovies.app */;
			productType = "com.apple.product-type.application";
		};
/* End PBXNativeTarget section */

/* Begin PBXProject section */
		368966A42C930FC60077BA5A /* Project object */ = {
			isa = PBXProject;
			attributes = {
				BuildIndependentTargetsInParallel = 1;
				LastSwiftUpdateCheck = 1530;
				LastUpgradeCheck = 1530;
				TargetAttributes = {
					368966AB2C930FC60077BA5A = {
						CreatedOnToolsVersion = 15.3;
					};
				};
			};
			buildConfigurationList = 368966A72C930FC60077BA5A /* Build configuration list for PBXProject "MyMovies" */;
			compatibilityVersion = "Xcode 14.0";
			developmentRegion = en;
			hasScannedForEncodings = 0;
			knownRegions = (
				en,
				Base,
			);
			mainGroup = 368966A32C930FC60077BA5A;
			productRefGroup = 368966AD2C930FC60077BA5A /* Products */;
			projectDirPath = "";
			projectRoot = "";
			targets = (
				368966AB2C930FC60077BA5A /* MyMovies */,
			);
		};
/* End PBXProject section */

/* Begin PBXResourcesBuildPhase section */
		368966AA2C930FC60077BA5A /* Resources */ = {
			isa = PBXResourcesBuildPhase;
			buildActionMask = 2147483647;
			files = (
				368966B92C930FC70077BA5A /* Assets.xcassets in Resources */,
				368966BC2C930FC70077BA5A /* Base in Resources */,
			);
			runOnlyForDeploymentPostprocessing = 0;
		};
/* End PBXResourcesBuildPhase section */

/* Begin PBXSourcesBuildPhase section */
		368966A82C930FC60077BA5A /* Sources */ = {
			isa = PBXSourcesBuildPhase;
			buildActionMask = 2147483647;
			files = (
				368966B02C930FC60077BA5A /* AppDelegate.swift in Sources */,
				368966D32C93141E0077BA5A /* SearchVC.swift in Sources */,
				368966D72C9314A60077BA5A /* FavoritesVC.swift in Sources */,
				368966D52C9314390077BA5A /* ComingSoonVC.swift in Sources */,
				368966DA2C9315250077BA5A /* TabBarController.swift in Sources */,
				368966B22C930FC60077BA5A /* SceneDelegate.swift in Sources */,
				368966CB2C9310900077BA5A /* HomeVC.swift in Sources */,
			);
			runOnlyForDeploymentPostprocessing = 0;
		};
/* End PBXSourcesBuildPhase section */

/* Begin PBXVariantGroup section */
		368966BA2C930FC70077BA5A /* LaunchScreen.storyboard */ = {
			isa = PBXVariantGroup;
			children = (
				368966BB2C930FC70077BA5A /* Base */,
			);
			name = LaunchScreen.storyboard;
			sourceTree = "<group>";
		};
/* End PBXVariantGroup section */

/* Begin XCBuildConfiguration section */
		368966BE2C930FC70077BA5A /* Debug */ = {
			isa = XCBuildConfiguration;
			buildSettings = {
				ALWAYS_SEARCH_USER_PATHS = NO;
				ASSETCATALOG_COMPILER_GENERATE_SWIFT_ASSET_SYMBOL_EXTENSIONS = YES;
				CLANG_ANALYZER_NONNULL = YES;
				CLANG_ANALYZER_NUMBER_OBJECT_CONVERSION = YES_AGGRESSIVE;
				CLANG_CXX_LANGUAGE_STANDARD = "gnu++20";
				CLANG_ENABLE_MODULES = YES;
				CLANG_ENABLE_OBJC_ARC = YES;
				CLANG_ENABLE_OBJC_WEAK = YES;
				CLANG_WARN_BLOCK_CAPTURE_AUTORELEASING = YES;
				CLANG_WARN_BOOL_CONVERSION = YES;
				CLANG_WARN_COMMA = YES;
				CLANG_WARN_CONSTANT_CONVERSION = YES;
				CLANG_WARN_DEPRECATED_OBJC_IMPLEMENTATIONS = YES;
				CLANG_WARN_DIRECT_OBJC_ISA_USAGE = YES_ERROR;
				CLANG_WARN_DOCUMENTATION_COMMENTS = YES;
				CLANG_WARN_EMPTY_BODY = YES;
				CLANG_WARN_ENUM_CONVERSION = YES;
				CLANG_WARN_INFINITE_RECURSION = YES;
				CLANG_WARN_INT_CONVERSION = YES;
				CLANG_WARN_NON_LITERAL_NULL_CONVERSION = YES;
				CLANG_WARN_OBJC_IMPLICIT_RETAIN_SELF = YES;
				CLANG_WARN_OBJC_LITERAL_CONVERSION = YES;
				CLANG_WARN_OBJC_ROOT_CLASS = YES_ERROR;
				CLANG_WARN_QUOTED_INCLUDE_IN_FRAMEWORK_HEADER = YES;
				CLANG_WARN_RANGE_LOOP_ANALYSIS = YES;
				CLANG_WARN_STRICT_PROTOTYPES = YES;
				CLANG_WARN_SUSPICIOUS_MOVE = YES;
				CLANG_WARN_UNGUARDED_AVAILABILITY = YES_AGGRESSIVE;
				CLANG_WARN_UNREACHABLE_CODE = YES;
				CLANG_WARN__DUPLICATE_METHOD_MATCH = YES;
				COPY_PHASE_STRIP = NO;
				DEBUG_INFORMATION_FORMAT = dwarf;
				ENABLE_STRICT_OBJC_MSGSEND = YES;
				ENABLE_TESTABILITY = YES;
				ENABLE_USER_SCRIPT_SANDBOXING = YES;
				GCC_C_LANGUAGE_STANDARD = gnu17;
				GCC_DYNAMIC_NO_PIC = NO;
				GCC_NO_COMMON_BLOCKS = YES;
				GCC_OPTIMIZATION_LEVEL = 0;
				GCC_PREPROCESSOR_DEFINITIONS = (
					"DEBUG=1",
					"$(inherited)",
				);
				GCC_WARN_64_TO_32_BIT_CONVERSION = YES;
				GCC_WARN_ABOUT_RETURN_TYPE = YES_ERROR;
				GCC_WARN_UNDECLARED_SELECTOR = YES;
				GCC_WARN_UNINITIALIZED_AUTOS = YES_AGGRESSIVE;
				GCC_WARN_UNUSED_FUNCTION = YES;
				GCC_WARN_UNUSED_VARIABLE = YES;
				IPHONEOS_DEPLOYMENT_TARGET = 17.4;
				LOCALIZATION_PREFERS_STRING_CATALOGS = YES;
				MTL_ENABLE_DEBUG_INFO = INCLUDE_SOURCE;
				MTL_FAST_MATH = YES;
				ONLY_ACTIVE_ARCH = YES;
				SDKROOT = iphoneos;
				SWIFT_ACTIVE_COMPILATION_CONDITIONS = "DEBUG $(inherited)";
				SWIFT_OPTIMIZATION_LEVEL = "-Onone";
			};
			name = Debug;
		};
		368966BF2C930FC70077BA5A /* Release */ = {
			isa = XCBuildConfiguration;
			buildSettings = {
				ALWAYS_SEARCH_USER_PATHS = NO;
				ASSETCATALOG_COMPILER_GENERATE_SWIFT_ASSET_SYMBOL_EXTENSIONS = YES;
				CLANG_ANALYZER_NONNULL = YES;
				CLANG_ANALYZER_NUMBER_OBJECT_CONVERSION = YES_AGGRESSIVE;
				CLANG_CXX_LANGUAGE_STANDARD = "gnu++20";
				CLANG_ENABLE_MODULES = YES;
				CLANG_ENABLE_OBJC_ARC = YES;
				CLANG_ENABLE_OBJC_WEAK = YES;
				CLANG_WARN_BLOCK_CAPTURE_AUTORELEASING = YES;
				CLANG_WARN_BOOL_CONVERSION = YES;
				CLANG_WARN_COMMA = YES;
				CLANG_WARN_CONSTANT_CONVERSION = YES;
				CLANG_WARN_DEPRECATED_OBJC_IMPLEMENTATIONS = YES;
				CLANG_WARN_DIRECT_OBJC_ISA_USAGE = YES_ERROR;
				CLANG_WARN_DOCUMENTATION_COMMENTS = YES;
				CLANG_WARN_EMPTY_BODY = YES;
				CLANG_WARN_ENUM_CONVERSION = YES;
				CLANG_WARN_INFINITE_RECURSION = YES;
				CLANG_WARN_INT_CONVERSION = YES;
				CLANG_WARN_NON_LITERAL_NULL_CONVERSION = YES;
				CLANG_WARN_OBJC_IMPLICIT_RETAIN_SELF = YES;
				CLANG_WARN_OBJC_LITERAL_CONVERSION = YES;
				CLANG_WARN_OBJC_ROOT_CLASS = YES_ERROR;
				CLANG_WARN_QUOTED_INCLUDE_IN_FRAMEWORK_HEADER = YES;
				CLANG_WARN_RANGE_LOOP_ANALYSIS = YES;
				CLANG_WARN_STRICT_PROTOTYPES = YES;
				CLANG_WARN_SUSPICIOUS_MOVE = YES;
				CLANG_WARN_UNGUARDED_AVAILABILITY = YES_AGGRESSIVE;
				CLANG_WARN_UNREACHABLE_CODE = YES;
				CLANG_WARN__DUPLICATE_METHOD_MATCH = YES;
				COPY_PHASE_STRIP = NO;
				DEBUG_INFORMATION_FORMAT = "dwarf-with-dsym";
				ENABLE_NS_ASSERTIONS = NO;
				ENABLE_STRICT_OBJC_MSGSEND = YES;
				ENABLE_USER_SCRIPT_SANDBOXING = YES;
				GCC_C_LANGUAGE_STANDARD = gnu17;
				GCC_NO_COMMON_BLOCKS = YES;
				GCC_WARN_64_TO_32_BIT_CONVERSION = YES;
				GCC_WARN_ABOUT_RETURN_TYPE = YES_ERROR;
				GCC_WARN_UNDECLARED_SELECTOR = YES;
				GCC_WARN_UNINITIALIZED_AUTOS = YES_AGGRESSIVE;
				GCC_WARN_UNUSED_FUNCTION = YES;
				GCC_WARN_UNUSED_VARIABLE = YES;
				IPHONEOS_DEPLOYMENT_TARGET = 17.4;
				LOCALIZATION_PREFERS_STRING_CATALOGS = YES;
				MTL_ENABLE_DEBUG_INFO = NO;
				MTL_FAST_MATH = YES;
				SDKROOT = iphoneos;
				SWIFT_COMPILATION_MODE = wholemodule;
				VALIDATE_PRODUCT = YES;
			};
			name = Release;
		};
		368966C12C930FC70077BA5A /* Debug */ = {
			isa = XCBuildConfiguration;
			buildSettings = {
				ASSETCATALOG_COMPILER_APPICON_NAME = AppIcon;
				ASSETCATALOG_COMPILER_GLOBAL_ACCENT_COLOR_NAME = AccentColor;
				CODE_SIGN_STYLE = Automatic;
				CURRENT_PROJECT_VERSION = 1;
				DEVELOPMENT_TEAM = 4PWXK2XHJ9;
				GENERATE_INFOPLIST_FILE = YES;
				INFOPLIST_FILE = MyMovies/Supports/Info.plist;
				INFOPLIST_KEY_UIApplicationSupportsIndirectInputEvents = YES;
				INFOPLIST_KEY_UILaunchStoryboardName = LaunchScreen;
				INFOPLIST_KEY_UISupportedInterfaceOrientations_iPad = "UIInterfaceOrientationPortrait UIInterfaceOrientationPortraitUpsideDown UIInterfaceOrientationLandscapeLeft UIInterfaceOrientationLandscapeRight";
				INFOPLIST_KEY_UISupportedInterfaceOrientations_iPhone = "UIInterfaceOrientationPortrait UIInterfaceOrientationLandscapeLeft UIInterfaceOrientationLandscapeRight";
				LD_RUNPATH_SEARCH_PATHS = (
					"$(inherited)",
					"@executable_path/Frameworks",
				);
				MARKETING_VERSION = 1.0;
				PRODUCT_BUNDLE_IDENTIFIER = com.canguldev.MyMovies;
				PRODUCT_NAME = "$(TARGET_NAME)";
				SWIFT_EMIT_LOC_STRINGS = YES;
				SWIFT_VERSION = 5.0;
				TARGETED_DEVICE_FAMILY = "1,2";
			};
			name = Debug;
		};
		368966C22C930FC70077BA5A /* Release */ = {
			isa = XCBuildConfiguration;
			buildSettings = {
				ASSETCATALOG_COMPILER_APPICON_NAME = AppIcon;
				ASSETCATALOG_COMPILER_GLOBAL_ACCENT_COLOR_NAME = AccentColor;
				CODE_SIGN_STYLE = Automatic;
				CURRENT_PROJECT_VERSION = 1;
				DEVELOPMENT_TEAM = 4PWXK2XHJ9;
				GENERATE_INFOPLIST_FILE = YES;
				INFOPLIST_FILE = MyMovies/Supports/Info.plist;
				INFOPLIST_KEY_UIApplicationSupportsIndirectInputEvents = YES;
				INFOPLIST_KEY_UILaunchStoryboardName = LaunchScreen;
				INFOPLIST_KEY_UISupportedInterfaceOrientations_iPad = "UIInterfaceOrientationPortrait UIInterfaceOrientationPortraitUpsideDown UIInterfaceOrientationLandscapeLeft UIInterfaceOrientationLandscapeRight";
				INFOPLIST_KEY_UISupportedInterfaceOrientations_iPhone = "UIInterfaceOrientationPortrait UIInterfaceOrientationLandscapeLeft UIInterfaceOrientationLandscapeRight";
				LD_RUNPATH_SEARCH_PATHS = (
					"$(inherited)",
					"@executable_path/Frameworks",
				);
				MARKETING_VERSION = 1.0;
				PRODUCT_BUNDLE_IDENTIFIER = com.canguldev.MyMovies;
				PRODUCT_NAME = "$(TARGET_NAME)";
				SWIFT_EMIT_LOC_STRINGS = YES;
				SWIFT_VERSION = 5.0;
				TARGETED_DEVICE_FAMILY = "1,2";
			};
			name = Release;
		};
/* End XCBuildConfiguration section */

/* Begin XCConfigurationList section */
		368966A72C930FC60077BA5A /* Build configuration list for PBXProject "MyMovies" */ = {
			isa = XCConfigurationList;
			buildConfigurations = (
				368966BE2C930FC70077BA5A /* Debug */,
				368966BF2C930FC70077BA5A /* Release */,
			);
			defaultConfigurationIsVisible = 0;
			defaultConfigurationName = Release;
		};
		368966C02C930FC70077BA5A /* Build configuration list for PBXNativeTarget "MyMovies" */ = {
			isa = XCConfigurationList;
			buildConfigurations = (
				368966C12C930FC70077BA5A /* Debug */,
				368966C22C930FC70077BA5A /* Release */,
			);
			defaultConfigurationIsVisible = 0;
			defaultConfigurationName = Release;
		};
/* End XCConfigurationList section */
	};
	rootObject = 368966A42C930FC60077BA5A /* Project object */;
}
